<?xml version="1.0" encoding="utf-8"?>
<Project ToolsVersion="4.0" xmlns="http://schemas.microsoft.com/developer/msbuild/2003">
  <ItemGroup>
    <Filter Include="Axel">
      <UniqueIdentifier>{0FC0827C-FBF6-830D-A4E3-691090F9FF0E}</UniqueIdentifier>
    </Filter>
  </ItemGroup>
  <ItemGroup>
    <ClInclude Include="src\Axel.h" />
    <ClInclude Include="src\Axel\Application.h">
      <Filter>Axel</Filter>
    </ClInclude>
    <ClInclude Include="src\Axel\Core.h">
      <Filter>Axel</Filter>
    </ClInclude>
    <ClInclude Include="src\Axel\EntryPoint.h">
      <Filter>Axel</Filter>
    </ClInclude>
    <ClInclude Include="src\Axel\Log.h">
      <Filter>Axel</Filter>
    </ClInclude>
  </ItemGroup>
  <ItemGroup>
    <ClCompile Include="src\Axel\Application.cpp">
      <Filter>Axel</Filter>
    </ClCompile>
    <ClCompile Include="src\Axel\Log.cpp">
      <Filter>Axel</Filter>
    </ClCompile>
  </ItemGroup>
</Project>